
Microsoft Visual Studio Solution File, Format Version 12.00
# Visual Studio 14
VisualStudioVersion = 14.0.25420.1
MinimumVisualStudioVersion = 10.0.40219.1
Project("{8BC9CEB8-8B4A-11D0-8D11-00A0C91BC942}") = "CMEdge", "CMEdge\CMEdge.vcxproj", "{9FE65E21-6B7D-4BC0-B400-D83689AADA65}"
EndProject
Project("{8BC9CEB8-8B4A-11D0-8D11-00A0C91BC942}") = "EdgeConfig", "EdgeConfig\EdgeConfig.vcxproj", "{1C593652-B231-47DC-941C-1777BF0D07DD}"
EndProject
Global
	GlobalSection(SolutionConfigurationPlatforms) = preSolution
		Debug|x86 = Debug|x86
		Release|x86 = Release|x86
	EndGlobalSection
	GlobalSection(ProjectConfigurationPlatforms) = postSolution
		{9FE65E21-6B7D-4BC0-B400-D83689AADA65}.Debug|x86.ActiveCfg = Debug|Win32
		{9FE65E21-6B7D-4BC0-B400-D83689AADA65}.Debug|x86.Build.0 = Debug|Win32
		{9FE65E21-6B7D-4BC0-B400-D83689AADA65}.Release|x86.ActiveCfg = Release|Win32
		{9FE65E21-6B7D-4BC0-B400-D83689AADA65}.Release|x86.Build.0 = Release|Win32
		{1C593652-B231-47DC-941C-1777BF0D07DD}.Debug|x86.ActiveCfg = Debug|Win32
		{1C593652-B231-47DC-941C-1777BF0D07DD}.Debug|x86.Build.0 = Debug|Win32
		{1C593652-B231-47DC-941C-1777BF0D07DD}.Release|x86.ActiveCfg = Release|Win32
		{1C593652-B231-47DC-941C-1777BF0D07DD}.Release|x86.Build.0 = Release|Win32
	EndGlobalSection
	GlobalSection(SolutionProperties) = preSolution
		HideSolutionNode = FALSE
	EndGlobalSection
EndGlobal
